
Microsoft Visual Studio Solution File, Format Version 12.00
# Visual Studio Version 16
VisualStudioVersion = 16.0.31624.102
MinimumVisualStudioVersion = 10.0.40219.1
Project("{FAE04EC0-301F-11D3-BF4B-00C04F79EFBC}") = "ArchivosBinarios", "ArchivosBinarios.csproj", "{FFF96D18-F51E-4E6A-A2CF-5A61015BCB7D}"
EndProject
Global
	GlobalSection(SolutionConfigurationPlatforms) = preSolution
		Debug|Any CPU = Debug|Any CPU
		Release|Any CPU = Release|Any CPU
	EndGlobalSection
	GlobalSection(ProjectConfigurationPlatforms) = postSolution
		{FFF96D18-F51E-4E6A-A2CF-5A61015BCB7D}.Debug|Any CPU.ActiveCfg = Debug|Any CPU
		{FFF96D18-F51E-4E6A-A2CF-5A61015BCB7D}.Debug|Any CPU.Build.0 = Debug|Any CPU
		{FFF96D18-F51E-4E6A-A2CF-5A61015BCB7D}.Release|Any CPU.ActiveCfg = Release|Any CPU
		{FFF96D18-F51E-4E6A-A2CF-5A61015BCB7D}.Release|Any CPU.Build.0 = Release|Any CPU
	EndGlobalSection
	GlobalSection(SolutionProperties) = preSolution
		HideSolutionNode = FALSE
	EndGlobalSection
	GlobalSection(ExtensibilityGlobals) = postSolution
		SolutionGuid = {1B297916-1803-4EBE-A3AB-CE82827E792D}
	EndGlobalSection
EndGlobal
